
Microsoft Visual Studio Solution File, Format Version 12.00
# Visual Studio Version 17
VisualStudioVersion = 17.13.35919.96 d17.13
MinimumVisualStudioVersion = 10.0.40219.1
Project("{FAE04EC0-301F-11D3-BF4B-00C04F79EFBC}") = "ExaPro4", "ExaPro4\ExaPro4.csproj", "{315FF847-42E1-4245-BF7C-63C4DB3BB0C7}"
EndProject
Global
	GlobalSection(SolutionConfigurationPlatforms) = preSolution
		Debug|Any CPU = Debug|Any CPU
		Release|Any CPU = Release|Any CPU
	EndGlobalSection
	GlobalSection(ProjectConfigurationPlatforms) = postSolution
		{315FF847-42E1-4245-BF7C-63C4DB3BB0C7}.Debug|Any CPU.ActiveCfg = Debug|Any CPU
		{315FF847-42E1-4245-BF7C-63C4DB3BB0C7}.Debug|Any CPU.Build.0 = Debug|Any CPU
		{315FF847-42E1-4245-BF7C-63C4DB3BB0C7}.Release|Any CPU.ActiveCfg = Release|Any CPU
		{315FF847-42E1-4245-BF7C-63C4DB3BB0C7}.Release|Any CPU.Build.0 = Release|Any CPU
	EndGlobalSection
	GlobalSection(SolutionProperties) = preSolution
		HideSolutionNode = FALSE
	EndGlobalSection
	GlobalSection(ExtensibilityGlobals) = postSolution
		SolutionGuid = {CB9347EB-0498-44C1-BFAA-33929ABEB144}
	EndGlobalSection
EndGlobal
